// !$*UTF8*$!
{
	archiveVersion = 1;
	classes = {
	};
	objectVersion = 46;
	objects = {

/* Begin PBXBuildFile section */
		C1009A3716F673FB008296EB /* AMPreferencesViewController.m in Sources */ = {isa = PBXBuildFile; fileRef = C1009A3616F673FA008296EB /* AMPreferencesViewController.m */; };
		C1009A3916F67FC2008296EB /* defaultPreferences.plist in Resources */ = {isa = PBXBuildFile; fileRef = C1009A3816F67FC2008296EB /* defaultPreferences.plist */; };
		C1183612169F515400B0FD40 /* Default-568h@2x.png in Resources */ = {isa = PBXBuildFile; fileRef = C1183611169F515400B0FD40 /* Default-568h@2x.png */; };
		C1458EBC153607FD0017BDF4 /* UIKit.framework in Frameworks */ = {isa = PBXBuildFile; fileRef = C1458EBB153607FD0017BDF4 /* UIKit.framework */; };
		C1458EBE153607FD0017BDF4 /* Foundation.framework in Frameworks */ = {isa = PBXBuildFile; fileRef = C1458EBD153607FD0017BDF4 /* Foundation.framework */; };
		C1458EC0153607FD0017BDF4 /* CoreGraphics.framework in Frameworks */ = {isa = PBXBuildFile; fileRef = C1458EBF153607FD0017BDF4 /* CoreGraphics.framework */; };
		C1458EC6153607FD0017BDF4 /* InfoPlist.strings in Resources */ = {isa = PBXBuildFile; fileRef = C1458EC4153607FD0017BDF4 /* InfoPlist.strings */; };
		C1458EC8153607FD0017BDF4 /* main.m in Sources */ = {isa = PBXBuildFile; fileRef = C1458EC7153607FD0017BDF4 /* main.m */; };
		C1458ECC153607FD0017BDF4 /* AEMAppDelegate.m in Sources */ = {isa = PBXBuildFile; fileRef = C1458ECB153607FD0017BDF4 /* AEMAppDelegate.m */; };
		C1458ECF153607FE0017BDF4 /* MainStoryboard.storyboard in Resources */ = {isa = PBXBuildFile; fileRef = C1458ECD153607FE0017BDF4 /* MainStoryboard.storyboard */; };
		C1458ED2153607FE0017BDF4 /* AEMFirstViewController.m in Sources */ = {isa = PBXBuildFile; fileRef = C1458ED1153607FE0017BDF4 /* AEMFirstViewController.m */; };
		C1458ED9153607FE0017BDF4 /* AEMSecondViewController.m in Sources */ = {isa = PBXBuildFile; fileRef = C1458ED8153607FE0017BDF4 /* AEMSecondViewController.m */; };
		C1458EEA153608D80017BDF4 /* PotionsAndIngredients.m in Sources */ = {isa = PBXBuildFile; fileRef = C1458EE8153608D80017BDF4 /* PotionsAndIngredients.m */; };
		C1458EEB153608D80017BDF4 /* PotionsAndIngredients.xib in Resources */ = {isa = PBXBuildFile; fileRef = C1458EE9153608D80017BDF4 /* PotionsAndIngredients.xib */; };
		C1458EEE15360A8A0017BDF4 /* MainDictionary.m in Sources */ = {isa = PBXBuildFile; fileRef = C1458EED15360A8A0017BDF4 /* MainDictionary.m */; };
		C1458EF215360DA20017BDF4 /* IngredientsForPotion.m in Sources */ = {isa = PBXBuildFile; fileRef = C1458EF015360DA10017BDF4 /* IngredientsForPotion.m */; };
		C1458EF315360DA20017BDF4 /* IngredientsForPotion.xib in Resources */ = {isa = PBXBuildFile; fileRef = C1458EF115360DA20017BDF4 /* IngredientsForPotion.xib */; };
		C199DCFF16CD65EB003713B6 /* InitialTabBarViewController.m in Sources */ = {isa = PBXBuildFile; fileRef = C199DCFE16CD65EB003713B6 /* InitialTabBarViewController.m */; };
		C1AFC74716CBF25C00E6FDAE /* Potion.png in Resources */ = {isa = PBXBuildFile; fileRef = C1AFC74616CBF25C00E6FDAE /* Potion.png */; };
		C1AFC74916CBF30D00E6FDAE /* Potionx30.png in Resources */ = {isa = PBXBuildFile; fileRef = C1AFC74816CBF30D00E6FDAE /* Potionx30.png */; };
		C1AFC74C16CBF4DB00E6FDAE /* Bowl.png in Resources */ = {isa = PBXBuildFile; fileRef = C1AFC74A16CBF4DB00E6FDAE /* Bowl.png */; };
		C1AFC74D16CBF4DB00E6FDAE /* Bowlx30.png in Resources */ = {isa = PBXBuildFile; fileRef = C1AFC74B16CBF4DB00E6FDAE /* Bowlx30.png */; };
		C1AFC74F16CC036100E6FDAE /* SkyAlchIcon.png in Resources */ = {isa = PBXBuildFile; fileRef = C1AFC74E16CC036100E6FDAE /* SkyAlchIcon.png */; };
		C1AFC75116CC036700E6FDAE /* SkyAlchIconRetina.png in Resources */ = {isa = PBXBuildFile; fileRef = C1AFC75016CC036700E6FDAE /* SkyAlchIconRetina.png */; };
		C1AFC75816CC13A700E6FDAE /* Default.png in Resources */ = {isa = PBXBuildFile; fileRef = C1AFC75616CC13A700E6FDAE /* Default.png */; };
		C1AFC75916CC13A700E6FDAE /* Default@2x.png in Resources */ = {isa = PBXBuildFile; fileRef = C1AFC75716CC13A700E6FDAE /* Default@2x.png */; };
		C1C6EBAE16D2602500D9324C /* items.plist in Resources */ = {isa = PBXBuildFile; fileRef = C1C6EBAD16D2602500D9324C /* items.plist */; };
		C1C6EBB316D2A7EC00D9324C /* SkyAlchIcon-72.png in Resources */ = {isa = PBXBuildFile; fileRef = C1C6EBAF16D2A7EC00D9324C /* SkyAlchIcon-72.png */; };
		C1C6EBB416D2A7EC00D9324C /* SkyAlchIcon-Small-50.png in Resources */ = {isa = PBXBuildFile; fileRef = C1C6EBB016D2A7EC00D9324C /* SkyAlchIcon-Small-50.png */; };
		C1C6EBB516D2A7EC00D9324C /* SkyAlchIcon-Small.png in Resources */ = {isa = PBXBuildFile; fileRef = C1C6EBB116D2A7EC00D9324C /* SkyAlchIcon-Small.png */; };
		C1C6EBB616D2A7EC00D9324C /* SkyAlchIcon-Small@2x.png in Resources */ = {isa = PBXBuildFile; fileRef = C1C6EBB216D2A7EC00D9324C /* SkyAlchIcon-Small@2x.png */; };
		C1C6EBB816D2A83500D9324C /* roundEdgeBox.jpg in Resources */ = {isa = PBXBuildFile; fileRef = C1C6EBB716D2A83400D9324C /* roundEdgeBox.jpg */; };
/* End PBXBuildFile section */

/* Begin PBXFileReference section */
		C1009A3516F673FA008296EB /* AMPreferencesViewController.h */ = {isa = PBXFileReference; fileEncoding = 4; lastKnownFileType = sourcecode.c.h; path = AMPreferencesViewController.h; sourceTree = "<group>"; };
		C1009A3616F673FA008296EB /* AMPreferencesViewController.m */ = {isa = PBXFileReference; fileEncoding = 4; lastKnownFileType = sourcecode.c.objc; path = AMPreferencesViewController.m; sourceTree = "<group>"; };
		C1009A3816F67FC2008296EB /* defaultPreferences.plist */ = {isa = PBXFileReference; fileEncoding = 4; lastKnownFileType = text.plist.xml; path = defaultPreferences.plist; sourceTree = "<group>"; };
		C1183611169F515400B0FD40 /* Default-568h@2x.png */ = {isa = PBXFileReference; lastKnownFileType = image.png; name = "Default-568h@2x.png"; path = "../Default-568h@2x.png"; sourceTree = "<group>"; };
		C1458EB7153607FD0017BDF4 /* SkyAlch.app */ = {isa = PBXFileReference; explicitFileType = wrapper.application; includeInIndex = 0; path = SkyAlch.app; sourceTree = BUILT_PRODUCTS_DIR; };
		C1458EBB153607FD0017BDF4 /* UIKit.framework */ = {isa = PBXFileReference; lastKnownFileType = wrapper.framework; name = UIKit.framework; path = System/Library/Frameworks/UIKit.framework; sourceTree = SDKROOT; };
		C1458EBD153607FD0017BDF4 /* Foundation.framework */ = {isa = PBXFileReference; lastKnownFileType = wrapper.framework; name = Foundation.framework; path = System/Library/Frameworks/Foundation.framework; sourceTree = SDKROOT; };
		C1458EBF153607FD0017BDF4 /* CoreGraphics.framework */ = {isa = PBXFileReference; lastKnownFileType = wrapper.framework; name = CoreGraphics.framework; path = System/Library/Frameworks/CoreGraphics.framework; sourceTree = SDKROOT; };
		C1458EC3153607FD0017BDF4 /* SkyAlch_iPhone-Info.plist */ = {isa = PBXFileReference; lastKnownFileType = text.plist.xml; path = "SkyAlch_iPhone-Info.plist"; sourceTree = "<group>"; };
		C1458EC5153607FD0017BDF4 /* en */ = {isa = PBXFileReference; lastKnownFileType = text.plist.strings; name = en; path = en.lproj/InfoPlist.strings; sourceTree = "<group>"; };
		C1458EC7153607FD0017BDF4 /* main.m */ = {isa = PBXFileReference; lastKnownFileType = sourcecode.c.objc; path = main.m; sourceTree = "<group>"; };
		C1458EC9153607FD0017BDF4 /* SkyAlch_iPhone-Prefix.pch */ = {isa = PBXFileReference; lastKnownFileType = sourcecode.c.h; path = "SkyAlch_iPhone-Prefix.pch"; sourceTree = "<group>"; };
		C1458ECA153607FD0017BDF4 /* AEMAppDelegate.h */ = {isa = PBXFileReference; lastKnownFileType = sourcecode.c.h; path = AEMAppDelegate.h; sourceTree = "<group>"; };
		C1458ECB153607FD0017BDF4 /* AEMAppDelegate.m */ = {isa = PBXFileReference; lastKnownFileType = sourcecode.c.objc; path = AEMAppDelegate.m; sourceTree = "<group>"; };
		C1458ECE153607FE0017BDF4 /* en */ = {isa = PBXFileReference; lastKnownFileType = file.storyboard; name = en; path = en.lproj/MainStoryboard.storyboard; sourceTree = "<group>"; };
		C1458ED0153607FE0017BDF4 /* AEMFirstViewController.h */ = {isa = PBXFileReference; lastKnownFileType = sourcecode.c.h; path = AEMFirstViewController.h; sourceTree = "<group>"; };
		C1458ED1153607FE0017BDF4 /* AEMFirstViewController.m */ = {isa = PBXFileReference; lastKnownFileType = sourcecode.c.objc; path = AEMFirstViewController.m; sourceTree = "<group>"; };
		C1458ED7153607FE0017BDF4 /* AEMSecondViewController.h */ = {isa = PBXFileReference; lastKnownFileType = sourcecode.c.h; path = AEMSecondViewController.h; sourceTree = "<group>"; };
		C1458ED8153607FE0017BDF4 /* AEMSecondViewController.m */ = {isa = PBXFileReference; lastKnownFileType = sourcecode.c.objc; path = AEMSecondViewController.m; sourceTree = "<group>"; };
		C1458EE7153608D80017BDF4 /* PotionsAndIngredients.h */ = {isa = PBXFileReference; fileEncoding = 4; lastKnownFileType = sourcecode.c.h; path = PotionsAndIngredients.h; sourceTree = "<group>"; };
		C1458EE8153608D80017BDF4 /* PotionsAndIngredients.m */ = {isa = PBXFileReference; fileEncoding = 4; lastKnownFileType = sourcecode.c.objc; path = PotionsAndIngredients.m; sourceTree = "<group>"; };
		C1458EE9153608D80017BDF4 /* PotionsAndIngredients.xib */ = {isa = PBXFileReference; fileEncoding = 4; lastKnownFileType = file.xib; path = PotionsAndIngredients.xib; sourceTree = "<group>"; };
		C1458EEC15360A8A0017BDF4 /* MainDictionary.h */ = {isa = PBXFileReference; fileEncoding = 4; lastKnownFileType = sourcecode.c.h; path = MainDictionary.h; sourceTree = "<group>"; };
		C1458EED15360A8A0017BDF4 /* MainDictionary.m */ = {isa = PBXFileReference; fileEncoding = 4; lastKnownFileType = sourcecode.c.objc; path = MainDictionary.m; sourceTree = "<group>"; };
		C1458EEF15360DA10017BDF4 /* IngredientsForPotion.h */ = {isa = PBXFileReference; fileEncoding = 4; lastKnownFileType = sourcecode.c.h; path = IngredientsForPotion.h; sourceTree = "<group>"; };
		C1458EF015360DA10017BDF4 /* IngredientsForPotion.m */ = {isa = PBXFileReference; fileEncoding = 4; lastKnownFileType = sourcecode.c.objc; path = IngredientsForPotion.m; sourceTree = "<group>"; };
		C1458EF115360DA20017BDF4 /* IngredientsForPotion.xib */ = {isa = PBXFileReference; fileEncoding = 4; lastKnownFileType = file.xib; path = IngredientsForPotion.xib; sourceTree = "<group>"; };
		C199DCFD16CD65EB003713B6 /* InitialTabBarViewController.h */ = {isa = PBXFileReference; fileEncoding = 4; lastKnownFileType = sourcecode.c.h; path = InitialTabBarViewController.h; sourceTree = "<group>"; };
		C199DCFE16CD65EB003713B6 /* InitialTabBarViewController.m */ = {isa = PBXFileReference; fileEncoding = 4; lastKnownFileType = sourcecode.c.objc; path = InitialTabBarViewController.m; sourceTree = "<group>"; };
		C1AFC74616CBF25C00E6FDAE /* Potion.png */ = {isa = PBXFileReference; lastKnownFileType = image.png; path = Potion.png; sourceTree = "<group>"; };
		C1AFC74816CBF30D00E6FDAE /* Potionx30.png */ = {isa = PBXFileReference; lastKnownFileType = image.png; path = Potionx30.png; sourceTree = "<group>"; };
		C1AFC74A16CBF4DB00E6FDAE /* Bowl.png */ = {isa = PBXFileReference; lastKnownFileType = image.png; path = Bowl.png; sourceTree = "<group>"; };
		C1AFC74B16CBF4DB00E6FDAE /* Bowlx30.png */ = {isa = PBXFileReference; lastKnownFileType = image.png; path = Bowlx30.png; sourceTree = "<group>"; };
		C1AFC74E16CC036100E6FDAE /* SkyAlchIcon.png */ = {isa = PBXFileReference; lastKnownFileType = image.png; name = SkyAlchIcon.png; path = ../SkyAlchIcon.png; sourceTree = "<group>"; };
		C1AFC75016CC036700E6FDAE /* SkyAlchIconRetina.png */ = {isa = PBXFileReference; lastKnownFileType = image.png; name = SkyAlchIconRetina.png; path = ../SkyAlchIconRetina.png; sourceTree = "<group>"; };
		C1AFC75616CC13A700E6FDAE /* Default.png */ = {isa = PBXFileReference; lastKnownFileType = image.png; path = Default.png; sourceTree = "<group>"; };
		C1AFC75716CC13A700E6FDAE /* Default@2x.png */ = {isa = PBXFileReference; lastKnownFileType = image.png; path = "Default@2x.png"; sourceTree = "<group>"; };
		C1C6EBAD16D2602500D9324C /* items.plist */ = {isa = PBXFileReference; fileEncoding = 4; lastKnownFileType = text.plist.xml; path = items.plist; sourceTree = "<group>"; };
		C1C6EBAF16D2A7EC00D9324C /* SkyAlchIcon-72.png */ = {isa = PBXFileReference; lastKnownFileType = image.png; path = "SkyAlchIcon-72.png"; sourceTree = "<group>"; };
		C1C6EBB016D2A7EC00D9324C /* SkyAlchIcon-Small-50.png */ = {isa = PBXFileReference; lastKnownFileType = image.png; path = "SkyAlchIcon-Small-50.png"; sourceTree = "<group>"; };
		C1C6EBB116D2A7EC00D9324C /* SkyAlchIcon-Small.png */ = {isa = PBXFileReference; lastKnownFileType = image.png; path = "SkyAlchIcon-Small.png"; sourceTree = "<group>"; };
		C1C6EBB216D2A7EC00D9324C /* SkyAlchIcon-Small@2x.png */ = {isa = PBXFileReference; lastKnownFileType = image.png; path = "SkyAlchIcon-Small@2x.png"; sourceTree = "<group>"; };
		C1C6EBB716D2A83400D9324C /* roundEdgeBox.jpg */ = {isa = PBXFileReference; lastKnownFileType = image.jpeg; path = roundEdgeBox.jpg; sourceTree = "<group>"; };
/* End PBXFileReference section */

/* Begin PBXFrameworksBuildPhase section */
		C1458EB4153607FD0017BDF4 /* Frameworks */ = {
			isa = PBXFrameworksBuildPhase;
			buildActionMask = 2147483647;
			files = (
				C1458EBC153607FD0017BDF4 /* UIKit.framework in Frameworks */,
				C1458EBE153607FD0017BDF4 /* Foundation.framework in Frameworks */,
				C1458EC0153607FD0017BDF4 /* CoreGraphics.framework in Frameworks */,
			);
			runOnlyForDeploymentPostprocessing = 0;
		};
/* End PBXFrameworksBuildPhase section */

/* Begin PBXGroup section */
		C1458EAC153607FD0017BDF4 = {
			isa = PBXGroup;
			children = (
				C1458EC1153607FD0017BDF4 /* SkyAlch_iPhone */,
				C1458EBA153607FD0017BDF4 /* Frameworks */,
				C1458EB8153607FD0017BDF4 /* Products */,
			);
			sourceTree = "<group>";
		};
		C1458EB8153607FD0017BDF4 /* Products */ = {
			isa = PBXGroup;
			children = (
				C1458EB7153607FD0017BDF4 /* SkyAlch.app */,
			);
			name = Products;
			sourceTree = "<group>";
		};
		C1458EBA153607FD0017BDF4 /* Frameworks */ = {
			isa = PBXGroup;
			children = (
				C1458EBB153607FD0017BDF4 /* UIKit.framework */,
				C1458EBD153607FD0017BDF4 /* Foundation.framework */,
				C1458EBF153607FD0017BDF4 /* CoreGraphics.framework */,
			);
			name = Frameworks;
			sourceTree = "<group>";
		};
		C1458EC1153607FD0017BDF4 /* SkyAlch_iPhone */ = {
			isa = PBXGroup;
			children = (
				C1009A3816F67FC2008296EB /* defaultPreferences.plist */,
				C1009A3516F673FA008296EB /* AMPreferencesViewController.h */,
				C1009A3616F673FA008296EB /* AMPreferencesViewController.m */,
				C1458ECA153607FD0017BDF4 /* AEMAppDelegate.h */,
				C1458ECB153607FD0017BDF4 /* AEMAppDelegate.m */,
				C199DCFD16CD65EB003713B6 /* InitialTabBarViewController.h */,
				C199DCFE16CD65EB003713B6 /* InitialTabBarViewController.m */,
				C1458ED0153607FE0017BDF4 /* AEMFirstViewController.h */,
				C1458ED1153607FE0017BDF4 /* AEMFirstViewController.m */,
				C1458ED7153607FE0017BDF4 /* AEMSecondViewController.h */,
				C1458ED8153607FE0017BDF4 /* AEMSecondViewController.m */,
				C1458EEF15360DA10017BDF4 /* IngredientsForPotion.h */,
				C1458EF015360DA10017BDF4 /* IngredientsForPotion.m */,
				C1458EF115360DA20017BDF4 /* IngredientsForPotion.xib */,
				C1458EEC15360A8A0017BDF4 /* MainDictionary.h */,
				C1458EED15360A8A0017BDF4 /* MainDictionary.m */,
				C1458ECD153607FE0017BDF4 /* MainStoryboard.storyboard */,
				C1458EE7153608D80017BDF4 /* PotionsAndIngredients.h */,
				C1458EE8153608D80017BDF4 /* PotionsAndIngredients.m */,
				C1458EE9153608D80017BDF4 /* PotionsAndIngredients.xib */,
				C1458EC2153607FD0017BDF4 /* Supporting Files */,
			);
			path = SkyAlch_iPhone;
			sourceTree = "<group>";
		};
		C1458EC2153607FD0017BDF4 /* Supporting Files */ = {
			isa = PBXGroup;
			children = (
				C1C6EBB716D2A83400D9324C /* roundEdgeBox.jpg */,
				C1C6EBAF16D2A7EC00D9324C /* SkyAlchIcon-72.png */,
				C1C6EBB016D2A7EC00D9324C /* SkyAlchIcon-Small-50.png */,
				C1C6EBB116D2A7EC00D9324C /* SkyAlchIcon-Small.png */,
				C1C6EBB216D2A7EC00D9324C /* SkyAlchIcon-Small@2x.png */,
				C1AFC75016CC036700E6FDAE /* SkyAlchIconRetina.png */,
				C1AFC74E16CC036100E6FDAE /* SkyAlchIcon.png */,
				C1183611169F515400B0FD40 /* Default-568h@2x.png */,
				C1AFC75616CC13A700E6FDAE /* Default.png */,
				C1AFC75716CC13A700E6FDAE /* Default@2x.png */,
				C1AFC74A16CBF4DB00E6FDAE /* Bowl.png */,
				C1AFC74B16CBF4DB00E6FDAE /* Bowlx30.png */,
				C1AFC74816CBF30D00E6FDAE /* Potionx30.png */,
				C1AFC74616CBF25C00E6FDAE /* Potion.png */,
				C1458EC3153607FD0017BDF4 /* SkyAlch_iPhone-Info.plist */,
				C1458EC4153607FD0017BDF4 /* InfoPlist.strings */,
				C1458EC7153607FD0017BDF4 /* main.m */,
				C1458EC9153607FD0017BDF4 /* SkyAlch_iPhone-Prefix.pch */,
				C1C6EBAD16D2602500D9324C /* items.plist */,
			);
			name = "Supporting Files";
			sourceTree = "<group>";
		};
/* End PBXGroup section */

/* Begin PBXNativeTarget section */
		C1458EB6153607FD0017BDF4 /* SkyAlch */ = {
			isa = PBXNativeTarget;
			buildConfigurationList = C1458EE0153607FE0017BDF4 /* Build configuration list for PBXNativeTarget "SkyAlch" */;
			buildPhases = (
				C1458EB3153607FD0017BDF4 /* Sources */,
				C1458EB4153607FD0017BDF4 /* Frameworks */,
				C1458EB5153607FD0017BDF4 /* Resources */,
			);
			buildRules = (
			);
			dependencies = (
			);
			name = SkyAlch;
			productName = SkyAlch_iPhone;
			productReference = C1458EB7153607FD0017BDF4 /* SkyAlch.app */;
			productType = "com.apple.product-type.application";
		};
/* End PBXNativeTarget section */

/* Begin PBXProject section */
		C1458EAE153607FD0017BDF4 /* Project object */ = {
			isa = PBXProject;
			attributes = {
				LastUpgradeCheck = 0460;
			};
			buildConfigurationList = C1458EB1153607FD0017BDF4 /* Build configuration list for PBXProject "SkyAlch_iPhone" */;
			compatibilityVersion = "Xcode 3.2";
			developmentRegion = English;
			hasScannedForEncodings = 0;
			knownRegions = (
				en,
			);
			mainGroup = C1458EAC153607FD0017BDF4;
			productRefGroup = C1458EB8153607FD0017BDF4 /* Products */;
			projectDirPath = "";
			projectRoot = "";
			targets = (
				C1458EB6153607FD0017BDF4 /* SkyAlch */,
			);
		};
/* End PBXProject section */

/* Begin PBXResourcesBuildPhase section */
		C1458EB5153607FD0017BDF4 /* Resources */ = {
			isa = PBXResourcesBuildPhase;
			buildActionMask = 2147483647;
			files = (
				C1458EC6153607FD0017BDF4 /* InfoPlist.strings in Resources */,
				C1458ECF153607FE0017BDF4 /* MainStoryboard.storyboard in Resources */,
				C1458EEB153608D80017BDF4 /* PotionsAndIngredients.xib in Resources */,
				C1458EF315360DA20017BDF4 /* IngredientsForPotion.xib in Resources */,
				C1183612169F515400B0FD40 /* Default-568h@2x.png in Resources */,
				C1AFC74716CBF25C00E6FDAE /* Potion.png in Resources */,
				C1AFC74916CBF30D00E6FDAE /* Potionx30.png in Resources */,
				C1AFC74C16CBF4DB00E6FDAE /* Bowl.png in Resources */,
				C1AFC74D16CBF4DB00E6FDAE /* Bowlx30.png in Resources */,
				C1AFC74F16CC036100E6FDAE /* SkyAlchIcon.png in Resources */,
				C1AFC75116CC036700E6FDAE /* SkyAlchIconRetina.png in Resources */,
				C1AFC75816CC13A700E6FDAE /* Default.png in Resources */,
				C1AFC75916CC13A700E6FDAE /* Default@2x.png in Resources */,
				C1C6EBAE16D2602500D9324C /* items.plist in Resources */,
				C1C6EBB316D2A7EC00D9324C /* SkyAlchIcon-72.png in Resources */,
				C1C6EBB416D2A7EC00D9324C /* SkyAlchIcon-Small-50.png in Resources */,
				C1C6EBB516D2A7EC00D9324C /* SkyAlchIcon-Small.png in Resources */,
				C1C6EBB616D2A7EC00D9324C /* SkyAlchIcon-Small@2x.png in Resources */,
				C1C6EBB816D2A83500D9324C /* roundEdgeBox.jpg in Resources */,
				C1009A3916F67FC2008296EB /* defaultPreferences.plist in Resources */,
			);
			runOnlyForDeploymentPostprocessing = 0;
		};
/* End PBXResourcesBuildPhase section */

/* Begin PBXSourcesBuildPhase section */
		C1458EB3153607FD0017BDF4 /* Sources */ = {
			isa = PBXSourcesBuildPhase;
			buildActionMask = 2147483647;
			files = (
				C1458EC8153607FD0017BDF4 /* main.m in Sources */,
				C1458ECC153607FD0017BDF4 /* AEMAppDelegate.m in Sources */,
				C1458ED2153607FE0017BDF4 /* AEMFirstViewController.m in Sources */,
				C1458ED9153607FE0017BDF4 /* AEMSecondViewController.m in Sources */,
				C1458EEA153608D80017BDF4 /* PotionsAndIngredients.m in Sources */,
				C1458EEE15360A8A0017BDF4 /* MainDictionary.m in Sources */,
				C1458EF215360DA20017BDF4 /* IngredientsForPotion.m in Sources */,
				C199DCFF16CD65EB003713B6 /* InitialTabBarViewController.m in Sources */,
				C1009A3716F673FB008296EB /* AMPreferencesViewController.m in Sources */,
			);
			runOnlyForDeploymentPostprocessing = 0;
		};
/* End PBXSourcesBuildPhase section */

/* Begin PBXVariantGroup section */
		C1458EC4153607FD0017BDF4 /* InfoPlist.strings */ = {
			isa = PBXVariantGroup;
			children = (
				C1458EC5153607FD0017BDF4 /* en */,
			);
			name = InfoPlist.strings;
			sourceTree = "<group>";
		};
		C1458ECD153607FE0017BDF4 /* MainStoryboard.storyboard */ = {
			isa = PBXVariantGroup;
			children = (
				C1458ECE153607FE0017BDF4 /* en */,
			);
			name = MainStoryboard.storyboard;
			sourceTree = "<group>";
		};
/* End PBXVariantGroup section */

/* Begin XCBuildConfiguration section */
		C1458EDE153607FE0017BDF4 /* Debug */ = {
			isa = XCBuildConfiguration;
			buildSettings = {
				ALWAYS_SEARCH_USER_PATHS = NO;
				ARCHS = "$(ARCHS_STANDARD_32_BIT)";
				CLANG_ENABLE_OBJC_ARC = YES;
				CLANG_WARN_CONSTANT_CONVERSION = YES;
				CLANG_WARN_ENUM_CONVERSION = YES;
				CLANG_WARN_INT_CONVERSION = YES;
				CLANG_WARN__DUPLICATE_METHOD_MATCH = YES;
				CODE_SIGN_IDENTITY = "iPhone Developer";
				"CODE_SIGN_IDENTITY[sdk=iphoneos*]" = "iPhone Developer";
				COPY_PHASE_STRIP = NO;
				GCC_C_LANGUAGE_STANDARD = gnu99;
				GCC_DYNAMIC_NO_PIC = NO;
				GCC_OPTIMIZATION_LEVEL = 0;
				GCC_PREPROCESSOR_DEFINITIONS = (
					"DEBUG=1",
					"$(inherited)",
				);
				GCC_SYMBOLS_PRIVATE_EXTERN = NO;
				GCC_VERSION = com.apple.compilers.llvm.clang.1_0;
				GCC_WARN_ABOUT_MISSING_PROTOTYPES = YES;
				GCC_WARN_ABOUT_RETURN_TYPE = YES;
				GCC_WARN_UNINITIALIZED_AUTOS = YES;
				GCC_WARN_UNUSED_VARIABLE = YES;
				IPHONEOS_DEPLOYMENT_TARGET = 6.0;
				PRODUCT_NAME = $SkyAlch;
				PROVISIONING_PROFILE = "";
				"PROVISIONING_PROFILE[sdk=iphoneos*]" = "";
				SDKROOT = iphoneos;
			};
			name = Debug;
		};
		C1458EDF153607FE0017BDF4 /* Release */ = {
			isa = XCBuildConfiguration;
			buildSettings = {
				ALWAYS_SEARCH_USER_PATHS = NO;
				ARCHS = "$(ARCHS_STANDARD_32_BIT)";
				CLANG_ENABLE_OBJC_ARC = YES;
				CLANG_WARN_CONSTANT_CONVERSION = YES;
				CLANG_WARN_ENUM_CONVERSION = YES;
				CLANG_WARN_INT_CONVERSION = YES;
				CLANG_WARN__DUPLICATE_METHOD_MATCH = YES;
				CODE_SIGN_IDENTITY = "iPhone Developer";
				"CODE_SIGN_IDENTITY[sdk=iphoneos*]" = "iPhone Developer";
				COPY_PHASE_STRIP = YES;
				GCC_C_LANGUAGE_STANDARD = gnu99;
				GCC_VERSION = com.apple.compilers.llvm.clang.1_0;
				GCC_WARN_ABOUT_MISSING_PROTOTYPES = YES;
				GCC_WARN_ABOUT_RETURN_TYPE = YES;
				GCC_WARN_UNINITIALIZED_AUTOS = YES;
				GCC_WARN_UNUSED_VARIABLE = YES;
				IPHONEOS_DEPLOYMENT_TARGET = 6.0;
				OTHER_CFLAGS = "-DNS_BLOCK_ASSERTIONS=1";
				PRODUCT_NAME = $SkyAlch;
				PROVISIONING_PROFILE = "";
				"PROVISIONING_PROFILE[sdk=iphoneos*]" = "";
				SDKROOT = iphoneos;
				VALIDATE_PRODUCT = YES;
			};
			name = Release;
		};
		C1458EE1153607FE0017BDF4 /* Debug */ = {
			isa = XCBuildConfiguration;
			buildSettings = {
				CODE_SIGN_IDENTITY = "iPhone Developer";
				"CODE_SIGN_IDENTITY[sdk=iphoneos*]" = "iPhone Developer";
				GCC_PRECOMPILE_PREFIX_HEADER = YES;
				GCC_PREFIX_HEADER = "SkyAlch_iPhone/SkyAlch_iPhone-Prefix.pch";
				INFOPLIST_FILE = "SkyAlch_iPhone/SkyAlch_iPhone-Info.plist";
				PRODUCT_NAME = "$(TARGET_NAME)";
				PROVISIONING_PROFILE = "";
				"PROVISIONING_PROFILE[sdk=iphoneos*]" = "";
				VALIDATE_PRODUCT = NO;
				WRAPPER_EXTENSION = app;
			};
			name = Debug;
		};
		C1458EE2153607FE0017BDF4 /* Release */ = {
			isa = XCBuildConfiguration;
			buildSettings = {
				CODE_SIGN_IDENTITY = "iPhone Developer";
				"CODE_SIGN_IDENTITY[sdk=iphoneos*]" = "iPhone Developer";
				GCC_PRECOMPILE_PREFIX_HEADER = YES;
				GCC_PREFIX_HEADER = "SkyAlch_iPhone/SkyAlch_iPhone-Prefix.pch";
				INFOPLIST_FILE = "SkyAlch_iPhone/SkyAlch_iPhone-Info.plist";
				PRODUCT_NAME = "$(TARGET_NAME)";
				PROVISIONING_PROFILE = "";
				"PROVISIONING_PROFILE[sdk=iphoneos*]" = "";
				VALIDATE_PRODUCT = NO;
				WRAPPER_EXTENSION = app;
			};
			name = Release;
		};
/* End XCBuildConfiguration section */

/* Begin XCConfigurationList section */
		C1458EB1153607FD0017BDF4 /* Build configuration list for PBXProject "SkyAlch_iPhone" */ = {
			isa = XCConfigurationList;
			buildConfigurations = (
				C1458EDE153607FE0017BDF4 /* Debug */,
				C1458EDF153607FE0017BDF4 /* Release */,
			);
			defaultConfigurationIsVisible = 0;
			defaultConfigurationName = Release;
		};
		C1458EE0153607FE0017BDF4 /* Build configuration list for PBXNativeTarget "SkyAlch" */ = {
			isa = XCConfigurationList;
			buildConfigurations = (
				C1458EE1153607FE0017BDF4 /* Debug */,
				C1458EE2153607FE0017BDF4 /* Release */,
			);
			defaultConfigurationIsVisible = 0;
			defaultConfigurationName = Release;
		};
/* End XCConfigurationList section */
	};
	rootObject = C1458EAE153607FD0017BDF4 /* Project object */;
}
