// !$*UTF8*$!
{
	archiveVersion = 1;
	classes = {
	};
	objectVersion = 46;
	objects = {

/* Begin PBXBuildFile section */
		C1458EBC153607FD0017BDF4 /* UIKit.framework in Frameworks */ = {isa = PBXBuildFile; fileRef = C1458EBB153607FD0017BDF4 /* UIKit.framework */; };
		C1458EBE153607FD0017BDF4 /* Foundation.framework in Frameworks */ = {isa = PBXBuildFile; fileRef = C1458EBD153607FD0017BDF4 /* Foundation.framework */; };
		C1458EC0153607FD0017BDF4 /* CoreGraphics.framework in Frameworks */ = {isa = PBXBuildFile; fileRef = C1458EBF153607FD0017BDF4 /* CoreGraphics.framework */; };
		C1458EC6153607FD0017BDF4 /* InfoPlist.strings in Resources */ = {isa = PBXBuildFile; fileRef = C1458EC4153607FD0017BDF4 /* InfoPlist.strings */; };
		C1458EC8153607FD0017BDF4 /* main.m in Sources */ = {isa = PBXBuildFile; fileRef = C1458EC7153607FD0017BDF4 /* main.m */; };
		C1458ECC153607FD0017BDF4 /* AEMAppDelegate.m in Sources */ = {isa = PBXBuildFile; fileRef = C1458ECB153607FD0017BDF4 /* AEMAppDelegate.m */; };
		C1458ECF153607FE0017BDF4 /* MainStoryboard.storyboard in Resources */ = {isa = PBXBuildFile; fileRef = C1458ECD153607FE0017BDF4 /* MainStoryboard.storyboard */; };
		C1458ED2153607FE0017BDF4 /* AEMFirstViewController.m in Sources */ = {isa = PBXBuildFile; fileRef = C1458ED1153607FE0017BDF4 /* AEMFirstViewController.m */; };
		C1458ED4153607FE0017BDF4 /* first.png in Resources */ = {isa = PBXBuildFile; fileRef = C1458ED3153607FE0017BDF4 /* first.png */; };
		C1458ED6153607FE0017BDF4 /* first@2x.png in Resources */ = {isa = PBXBuildFile; fileRef = C1458ED5153607FE0017BDF4 /* first@2x.png */; };
		C1458ED9153607FE0017BDF4 /* AEMSecondViewController.m in Sources */ = {isa = PBXBuildFile; fileRef = C1458ED8153607FE0017BDF4 /* AEMSecondViewController.m */; };
		C1458EDB153607FE0017BDF4 /* second.png in Resources */ = {isa = PBXBuildFile; fileRef = C1458EDA153607FE0017BDF4 /* second.png */; };
		C1458EDD153607FE0017BDF4 /* second@2x.png in Resources */ = {isa = PBXBuildFile; fileRef = C1458EDC153607FE0017BDF4 /* second@2x.png */; };
/* End PBXBuildFile section */

/* Begin PBXFileReference section */
		C1458EB7153607FD0017BDF4 /* SkyAlch_iPhone.app */ = {isa = PBXFileReference; explicitFileType = wrapper.application; includeInIndex = 0; path = SkyAlch_iPhone.app; sourceTree = BUILT_PRODUCTS_DIR; };
		C1458EBB153607FD0017BDF4 /* UIKit.framework */ = {isa = PBXFileReference; lastKnownFileType = wrapper.framework; name = UIKit.framework; path = System/Library/Frameworks/UIKit.framework; sourceTree = SDKROOT; };
		C1458EBD153607FD0017BDF4 /* Foundation.framework */ = {isa = PBXFileReference; lastKnownFileType = wrapper.framework; name = Foundation.framework; path = System/Library/Frameworks/Foundation.framework; sourceTree = SDKROOT; };
		C1458EBF153607FD0017BDF4 /* CoreGraphics.framework */ = {isa = PBXFileReference; lastKnownFileType = wrapper.framework; name = CoreGraphics.framework; path = System/Library/Frameworks/CoreGraphics.framework; sourceTree = SDKROOT; };
		C1458EC3153607FD0017BDF4 /* SkyAlch_iPhone-Info.plist */ = {isa = PBXFileReference; path = "SkyAlch_iPhone-Info.plist"; sourceTree = "<group>"; };
		C1458EC5153607FD0017BDF4 /* en */ = {isa = PBXFileReference; lastKnownFileType = text.plist.strings; name = en; path = en.lproj/InfoPlist.strings; sourceTree = "<group>"; };
		C1458EC7153607FD0017BDF4 /* main.m */ = {isa = PBXFileReference; lastKnownFileType = sourcecode.c.objc; path = main.m; sourceTree = "<group>"; };
		C1458EC9153607FD0017BDF4 /* SkyAlch_iPhone-Prefix.pch */ = {isa = PBXFileReference; path = "SkyAlch_iPhone-Prefix.pch"; sourceTree = "<group>"; };
		C1458ECA153607FD0017BDF4 /* AEMAppDelegate.h */ = {isa = PBXFileReference; path = AEMAppDelegate.h; sourceTree = "<group>"; };
		C1458ECB153607FD0017BDF4 /* AEMAppDelegate.m */ = {isa = PBXFileReference; lastKnownFileType = sourcecode.c.objc; path = AEMAppDelegate.m; sourceTree = "<group>"; };
		C1458ECE153607FE0017BDF4 /* en */ = {isa = PBXFileReference; lastKnownFileType = file.storyboard; name = en; path = en.lproj/MainStoryboard.storyboard; sourceTree = "<group>"; };
		C1458ED0153607FE0017BDF4 /* AEMFirstViewController.h */ = {isa = PBXFileReference; path = AEMFirstViewController.h; sourceTree = "<group>"; };
		C1458ED1153607FE0017BDF4 /* AEMFirstViewController.m */ = {isa = PBXFileReference; lastKnownFileType = sourcecode.c.objc; path = AEMFirstViewController.m; sourceTree = "<group>"; };
		C1458ED3153607FE0017BDF4 /* first.png */ = {isa = PBXFileReference; lastKnownFileType = image.png; path = first.png; sourceTree = "<group>"; };
		C1458ED5153607FE0017BDF4 /* first@2x.png */ = {isa = PBXFileReference; lastKnownFileType = image.png; path = "first@2x.png"; sourceTree = "<group>"; };
		C1458ED7153607FE0017BDF4 /* AEMSecondViewController.h */ = {isa = PBXFileReference; path = AEMSecondViewController.h; sourceTree = "<group>"; };
		C1458ED8153607FE0017BDF4 /* AEMSecondViewController.m */ = {isa = PBXFileReference; lastKnownFileType = sourcecode.c.objc; path = AEMSecondViewController.m; sourceTree = "<group>"; };
		C1458EDA153607FE0017BDF4 /* second.png */ = {isa = PBXFileReference; lastKnownFileType = image.png; path = second.png; sourceTree = "<group>"; };
		C1458EDC153607FE0017BDF4 /* second@2x.png */ = {isa = PBXFileReference; lastKnownFileType = image.png; path = "second@2x.png"; sourceTree = "<group>"; };
/* End PBXFileReference section */

/* Begin PBXFrameworksBuildPhase section */
		C1458EB4153607FD0017BDF4 /* Frameworks */ = {
			isa = PBXFrameworksBuildPhase;
			buildActionMask = 2147483647;
			files = (
				C1458EBC153607FD0017BDF4 /* UIKit.framework in Frameworks */,
				C1458EBE153607FD0017BDF4 /* Foundation.framework in Frameworks */,
				C1458EC0153607FD0017BDF4 /* CoreGraphics.framework in Frameworks */,
			);
			runOnlyForDeploymentPostprocessing = 0;
		};
/* End PBXFrameworksBuildPhase section */

/* Begin PBXGroup section */
		C1458EAC153607FD0017BDF4 = {
			isa = PBXGroup;
			children = (
				C1458EC1153607FD0017BDF4 /* SkyAlch_iPhone */,
				C1458EBA153607FD0017BDF4 /* Frameworks */,
				C1458EB8153607FD0017BDF4 /* Products */,
			);
			sourceTree = "<group>";
		};
		C1458EB8153607FD0017BDF4 /* Products */ = {
			isa = PBXGroup;
			children = (
				C1458EB7153607FD0017BDF4 /* SkyAlch_iPhone.app */,
			);
			name = Products;
			sourceTree = "<group>";
		};
		C1458EBA153607FD0017BDF4 /* Frameworks */ = {
			isa = PBXGroup;
			children = (
				C1458EBB153607FD0017BDF4 /* UIKit.framework */,
				C1458EBD153607FD0017BDF4 /* Foundation.framework */,
				C1458EBF153607FD0017BDF4 /* CoreGraphics.framework */,
			);
			name = Frameworks;
			sourceTree = "<group>";
		};
		C1458EC1153607FD0017BDF4 /* SkyAlch_iPhone */ = {
			isa = PBXGroup;
			children = (
				C1458ECA153607FD0017BDF4 /* AEMAppDelegate.h */,
				C1458ECB153607FD0017BDF4 /* AEMAppDelegate.m */,
				C1458ECD153607FE0017BDF4 /* MainStoryboard.storyboard */,
				C1458ED0153607FE0017BDF4 /* AEMFirstViewController.h */,
				C1458ED1153607FE0017BDF4 /* AEMFirstViewController.m */,
				C1458ED3153607FE0017BDF4 /* first.png */,
				C1458ED5153607FE0017BDF4 /* first@2x.png */,
				C1458ED7153607FE0017BDF4 /* AEMSecondViewController.h */,
				C1458ED8153607FE0017BDF4 /* AEMSecondViewController.m */,
				C1458EDA153607FE0017BDF4 /* second.png */,
				C1458EDC153607FE0017BDF4 /* second@2x.png */,
				C1458EC2153607FD0017BDF4 /* Supporting Files */,
			);
			path = SkyAlch_iPhone;
			sourceTree = "<group>";
		};
		C1458EC2153607FD0017BDF4 /* Supporting Files */ = {
			isa = PBXGroup;
			children = (
				C1458EC3153607FD0017BDF4 /* SkyAlch_iPhone-Info.plist */,
				C1458EC4153607FD0017BDF4 /* InfoPlist.strings */,
				C1458EC7153607FD0017BDF4 /* main.m */,
				C1458EC9153607FD0017BDF4 /* SkyAlch_iPhone-Prefix.pch */,
			);
			name = "Supporting Files";
			sourceTree = "<group>";
		};
/* End PBXGroup section */

/* Begin PBXNativeTarget section */
		C1458EB6153607FD0017BDF4 /* SkyAlch_iPhone */ = {
			isa = PBXNativeTarget;
			buildConfigurationList = C1458EE0153607FE0017BDF4 /* Build configuration list for PBXNativeTarget "SkyAlch_iPhone" */;
			buildPhases = (
				C1458EB3153607FD0017BDF4 /* Sources */,
				C1458EB4153607FD0017BDF4 /* Frameworks */,
				C1458EB5153607FD0017BDF4 /* Resources */,
			);
			buildRules = (
			);
			dependencies = (
			);
			name = SkyAlch_iPhone;
			productName = SkyAlch_iPhone;
			productReference = C1458EB7153607FD0017BDF4 /* SkyAlch_iPhone.app */;
			productType = "com.apple.product-type.application";
		};
/* End PBXNativeTarget section */

/* Begin PBXProject section */
		C1458EAE153607FD0017BDF4 /* Project object */ = {
			isa = PBXProject;
			attributes = {
				LastUpgradeCheck = 0420;
			};
			buildConfigurationList = C1458EB1153607FD0017BDF4 /* Build configuration list for PBXProject "SkyAlch_iPhone" */;
			compatibilityVersion = "Xcode 3.2";
			developmentRegion = English;
			hasScannedForEncodings = 0;
			knownRegions = (
				en,
			);
			mainGroup = C1458EAC153607FD0017BDF4;
			productRefGroup = C1458EB8153607FD0017BDF4 /* Products */;
			projectDirPath = "";
			projectRoot = "";
			targets = (
				C1458EB6153607FD0017BDF4 /* SkyAlch_iPhone */,
			);
		};
/* End PBXProject section */

/* Begin PBXResourcesBuildPhase section */
		C1458EB5153607FD0017BDF4 /* Resources */ = {
			isa = PBXResourcesBuildPhase;
			buildActionMask = 2147483647;
			files = (
				C1458EC6153607FD0017BDF4 /* InfoPlist.strings in Resources */,
				C1458ECF153607FE0017BDF4 /* MainStoryboard.storyboard in Resources */,
				C1458ED4153607FE0017BDF4 /* first.png in Resources */,
				C1458ED6153607FE0017BDF4 /* first@2x.png in Resources */,
				C1458EDB153607FE0017BDF4 /* second.png in Resources */,
				C1458EDD153607FE0017BDF4 /* second@2x.png in Resources */,
			);
			runOnlyForDeploymentPostprocessing = 0;
		};
/* End PBXResourcesBuildPhase section */

/* Begin PBXSourcesBuildPhase section */
		C1458EB3153607FD0017BDF4 /* Sources */ = {
			isa = PBXSourcesBuildPhase;
			buildActionMask = 2147483647;
			files = (
				C1458EC8153607FD0017BDF4 /* main.m in Sources */,
				C1458ECC153607FD0017BDF4 /* AEMAppDelegate.m in Sources */,
				C1458ED2153607FE0017BDF4 /* AEMFirstViewController.m in Sources */,
				C1458ED9153607FE0017BDF4 /* AEMSecondViewController.m in Sources */,
			);
			runOnlyForDeploymentPostprocessing = 0;
		};
/* End PBXSourcesBuildPhase section */

/* Begin PBXVariantGroup section */
		C1458EC4153607FD0017BDF4 /* InfoPlist.strings */ = {
			isa = PBXVariantGroup;
			children = (
				C1458EC5153607FD0017BDF4 /* en */,
			);
			name = InfoPlist.strings;
			sourceTree = "<group>";
		};
		C1458ECD153607FE0017BDF4 /* MainStoryboard.storyboard */ = {
			isa = PBXVariantGroup;
			children = (
				C1458ECE153607FE0017BDF4 /* en */,
			);
			name = MainStoryboard.storyboard;
			sourceTree = "<group>";
		};
/* End PBXVariantGroup section */

/* Begin XCBuildConfiguration section */
		C1458EDE153607FE0017BDF4 /* Debug */ = {
			isa = XCBuildConfiguration;
			buildSettings = {
				ALWAYS_SEARCH_USER_PATHS = NO;
				ARCHS = "$(ARCHS_STANDARD_32_BIT)";
				CLANG_ENABLE_OBJC_ARC = YES;
				"CODE_SIGN_IDENTITY[sdk=iphoneos*]" = "iPhone Developer";
				COPY_PHASE_STRIP = NO;
				GCC_C_LANGUAGE_STANDARD = gnu99;
				GCC_DYNAMIC_NO_PIC = NO;
				GCC_OPTIMIZATION_LEVEL = 0;
				GCC_PREPROCESSOR_DEFINITIONS = (
					"DEBUG=1",
					"$(inherited)",
				);
				GCC_SYMBOLS_PRIVATE_EXTERN = NO;
				GCC_VERSION = com.apple.compilers.llvm.clang.1_0;
				GCC_WARN_ABOUT_MISSING_PROTOTYPES = YES;
				GCC_WARN_ABOUT_RETURN_TYPE = YES;
				GCC_WARN_UNUSED_VARIABLE = YES;
				IPHONEOS_DEPLOYMENT_TARGET = 5.0;
				SDKROOT = iphoneos;
			};
			name = Debug;
		};
		C1458EDF153607FE0017BDF4 /* Release */ = {
			isa = XCBuildConfiguration;
			buildSettings = {
				ALWAYS_SEARCH_USER_PATHS = NO;
				ARCHS = "$(ARCHS_STANDARD_32_BIT)";
				CLANG_ENABLE_OBJC_ARC = YES;
				"CODE_SIGN_IDENTITY[sdk=iphoneos*]" = "iPhone Developer";
				COPY_PHASE_STRIP = YES;
				GCC_C_LANGUAGE_STANDARD = gnu99;
				GCC_VERSION = com.apple.compilers.llvm.clang.1_0;
				GCC_WARN_ABOUT_MISSING_PROTOTYPES = YES;
				GCC_WARN_ABOUT_RETURN_TYPE = YES;
				GCC_WARN_UNUSED_VARIABLE = YES;
				IPHONEOS_DEPLOYMENT_TARGET = 5.0;
				OTHER_CFLAGS = "-DNS_BLOCK_ASSERTIONS=1";
				SDKROOT = iphoneos;
				VALIDATE_PRODUCT = YES;
			};
			name = Release;
		};
		C1458EE1153607FE0017BDF4 /* Debug */ = {
			isa = XCBuildConfiguration;
			buildSettings = {
				GCC_PRECOMPILE_PREFIX_HEADER = YES;
				GCC_PREFIX_HEADER = "SkyAlch_iPhone/SkyAlch_iPhone-Prefix.pch";
				INFOPLIST_FILE = "SkyAlch_iPhone/SkyAlch_iPhone-Info.plist";
				PRODUCT_NAME = "$(TARGET_NAME)";
				WRAPPER_EXTENSION = app;
			};
			name = Debug;
		};
		C1458EE2153607FE0017BDF4 /* Release */ = {
			isa = XCBuildConfiguration;
			buildSettings = {
				GCC_PRECOMPILE_PREFIX_HEADER = YES;
				GCC_PREFIX_HEADER = "SkyAlch_iPhone/SkyAlch_iPhone-Prefix.pch";
				INFOPLIST_FILE = "SkyAlch_iPhone/SkyAlch_iPhone-Info.plist";
				PRODUCT_NAME = "$(TARGET_NAME)";
				WRAPPER_EXTENSION = app;
			};
			name = Release;
		};
/* End XCBuildConfiguration section */

/* Begin XCConfigurationList section */
		C1458EB1153607FD0017BDF4 /* Build configuration list for PBXProject "SkyAlch_iPhone" */ = {
			isa = XCConfigurationList;
			buildConfigurations = (
				C1458EDE153607FE0017BDF4 /* Debug */,
				C1458EDF153607FE0017BDF4 /* Release */,
			);
			defaultConfigurationIsVisible = 0;
			defaultConfigurationName = Release;
		};
		C1458EE0153607FE0017BDF4 /* Build configuration list for PBXNativeTarget "SkyAlch_iPhone" */ = {
			isa = XCConfigurationList;
			buildConfigurations = (
				C1458EE1153607FE0017BDF4 /* Debug */,
				C1458EE2153607FE0017BDF4 /* Release */,
			);
			defaultConfigurationIsVisible = 0;
		};
/* End XCConfigurationList section */
	};
	rootObject = C1458EAE153607FD0017BDF4 /* Project object */;
}
